// !$*UTF8*$!
{
	archiveVersion = 1;
	classes = {
	};
	objectVersion = 56;
	objects = {

/* Begin PBXBuildFile section */
		D6C23B1729D1BCA200EEB16D /* POC_SUIGameApp.swift in Sources */ = {isa = PBXBuildFile; fileRef = D6C23B1629D1BCA200EEB16D /* POC_SUIGameApp.swift */; };
		D6C23B1929D1BCA200EEB16D /* ContentView.swift in Sources */ = {isa = PBXBuildFile; fileRef = D6C23B1829D1BCA200EEB16D /* ContentView.swift */; };
		D6C23B1B29D1BCA400EEB16D /* Assets.xcassets in Resources */ = {isa = PBXBuildFile; fileRef = D6C23B1A29D1BCA400EEB16D /* Assets.xcassets */; };
		D6C23B1E29D1BCA400EEB16D /* Preview Assets.xcassets in Resources */ = {isa = PBXBuildFile; fileRef = D6C23B1D29D1BCA400EEB16D /* Preview Assets.xcassets */; };
		D6C23B2829D1BCA400EEB16D /* POC_SUIGameTests.swift in Sources */ = {isa = PBXBuildFile; fileRef = D6C23B2729D1BCA400EEB16D /* POC_SUIGameTests.swift */; };
		D6C23B3229D1BCA400EEB16D /* POC_SUIGameUITests.swift in Sources */ = {isa = PBXBuildFile; fileRef = D6C23B3129D1BCA400EEB16D /* POC_SUIGameUITests.swift */; };
		D6C23B3429D1BCA400EEB16D /* POC_SUIGameUITestsLaunchTests.swift in Sources */ = {isa = PBXBuildFile; fileRef = D6C23B3329D1BCA400EEB16D /* POC_SUIGameUITestsLaunchTests.swift */; };
/* End PBXBuildFile section */

/* Begin PBXContainerItemProxy section */
		D6C23B2429D1BCA400EEB16D /* PBXContainerItemProxy */ = {
			isa = PBXContainerItemProxy;
			containerPortal = D6C23B0B29D1BCA200EEB16D /* Project object */;
			proxyType = 1;
			remoteGlobalIDString = D6C23B1229D1BCA200EEB16D;
			remoteInfo = POC_SUIGame;
		};
		D6C23B2E29D1BCA400EEB16D /* PBXContainerItemProxy */ = {
			isa = PBXContainerItemProxy;
			containerPortal = D6C23B0B29D1BCA200EEB16D /* Project object */;
			proxyType = 1;
			remoteGlobalIDString = D6C23B1229D1BCA200EEB16D;
			remoteInfo = POC_SUIGame;
		};
/* End PBXContainerItemProxy section */

/* Begin PBXFileReference section */
		D6C23B1329D1BCA200EEB16D /* POC_SUIGame.app */ = {isa = PBXFileReference; explicitFileType = wrapper.application; includeInIndex = 0; path = POC_SUIGame.app; sourceTree = BUILT_PRODUCTS_DIR; };
		D6C23B1629D1BCA200EEB16D /* POC_SUIGameApp.swift */ = {isa = PBXFileReference; lastKnownFileType = sourcecode.swift; path = POC_SUIGameApp.swift; sourceTree = "<group>"; };
		D6C23B1829D1BCA200EEB16D /* ContentView.swift */ = {isa = PBXFileReference; lastKnownFileType = sourcecode.swift; path = ContentView.swift; sourceTree = "<group>"; };
		D6C23B1A29D1BCA400EEB16D /* Assets.xcassets */ = {isa = PBXFileReference; lastKnownFileType = folder.assetcatalog; path = Assets.xcassets; sourceTree = "<group>"; };
		D6C23B1D29D1BCA400EEB16D /* Preview Assets.xcassets */ = {isa = PBXFileReference; lastKnownFileType = folder.assetcatalog; path = "Preview Assets.xcassets"; sourceTree = "<group>"; };
		D6C23B2329D1BCA400EEB16D /* POC_SUIGameTests.xctest */ = {isa = PBXFileReference; explicitFileType = wrapper.cfbundle; includeInIndex = 0; path = POC_SUIGameTests.xctest; sourceTree = BUILT_PRODUCTS_DIR; };
		D6C23B2729D1BCA400EEB16D /* POC_SUIGameTests.swift */ = {isa = PBXFileReference; lastKnownFileType = sourcecode.swift; path = POC_SUIGameTests.swift; sourceTree = "<group>"; };
		D6C23B2D29D1BCA400EEB16D /* POC_SUIGameUITests.xctest */ = {isa = PBXFileReference; explicitFileType = wrapper.cfbundle; includeInIndex = 0; path = POC_SUIGameUITests.xctest; sourceTree = BUILT_PRODUCTS_DIR; };
		D6C23B3129D1BCA400EEB16D /* POC_SUIGameUITests.swift */ = {isa = PBXFileReference; lastKnownFileType = sourcecode.swift; path = POC_SUIGameUITests.swift; sourceTree = "<group>"; };
		D6C23B3329D1BCA400EEB16D /* POC_SUIGameUITestsLaunchTests.swift */ = {isa = PBXFileReference; lastKnownFileType = sourcecode.swift; path = POC_SUIGameUITestsLaunchTests.swift; sourceTree = "<group>"; };
/* End PBXFileReference section */

/* Begin PBXFrameworksBuildPhase section */
		D6C23B1029D1BCA200EEB16D /* Frameworks */ = {
			isa = PBXFrameworksBuildPhase;
			buildActionMask = 2147483647;
			files = (
			);
			runOnlyForDeploymentPostprocessing = 0;
		};
		D6C23B2029D1BCA400EEB16D /* Frameworks */ = {
			isa = PBXFrameworksBuildPhase;
			buildActionMask = 2147483647;
			files = (
			);
			runOnlyForDeploymentPostprocessing = 0;
		};
		D6C23B2A29D1BCA400EEB16D /* Frameworks */ = {
			isa = PBXFrameworksBuildPhase;
			buildActionMask = 2147483647;
			files = (
			);
			runOnlyForDeploymentPostprocessing = 0;
		};
/* End PBXFrameworksBuildPhase section */

/* Begin PBXGroup section */
		D6C23B0A29D1BCA200EEB16D = {
			isa = PBXGroup;
			children = (
				D6C23B1529D1BCA200EEB16D /* POC_SUIGame */,
				D6C23B2629D1BCA400EEB16D /* POC_SUIGameTests */,
				D6C23B3029D1BCA400EEB16D /* POC_SUIGameUITests */,
				D6C23B1429D1BCA200EEB16D /* Products */,
			);
			sourceTree = "<group>";
		};
		D6C23B1429D1BCA200EEB16D /* Products */ = {
			isa = PBXGroup;
			children = (
				D6C23B1329D1BCA200EEB16D /* POC_SUIGame.app */,
				D6C23B2329D1BCA400EEB16D /* POC_SUIGameTests.xctest */,
				D6C23B2D29D1BCA400EEB16D /* POC_SUIGameUITests.xctest */,
			);
			name = Products;
			sourceTree = "<group>";
		};
		D6C23B1529D1BCA200EEB16D /* POC_SUIGame */ = {
			isa = PBXGroup;
			children = (
				D6C23B1629D1BCA200EEB16D /* POC_SUIGameApp.swift */,
				D6C23B1829D1BCA200EEB16D /* ContentView.swift */,
				D6C23B1A29D1BCA400EEB16D /* Assets.xcassets */,
				D6C23B1C29D1BCA400EEB16D /* Preview Content */,
			);
			path = POC_SUIGame;
			sourceTree = "<group>";
		};
		D6C23B1C29D1BCA400EEB16D /* Preview Content */ = {
			isa = PBXGroup;
			children = (
				D6C23B1D29D1BCA400EEB16D /* Preview Assets.xcassets */,
			);
			path = "Preview Content";
			sourceTree = "<group>";
		};
		D6C23B2629D1BCA400EEB16D /* POC_SUIGameTests */ = {
			isa = PBXGroup;
			children = (
				D6C23B2729D1BCA400EEB16D /* POC_SUIGameTests.swift */,
			);
			path = POC_SUIGameTests;
			sourceTree = "<group>";
		};
		D6C23B3029D1BCA400EEB16D /* POC_SUIGameUITests */ = {
			isa = PBXGroup;
			children = (
				D6C23B3129D1BCA400EEB16D /* POC_SUIGameUITests.swift */,
				D6C23B3329D1BCA400EEB16D /* POC_SUIGameUITestsLaunchTests.swift */,
			);
			path = POC_SUIGameUITests;
			sourceTree = "<group>";
		};
/* End PBXGroup section */

/* Begin PBXNativeTarget section */
		D6C23B1229D1BCA200EEB16D /* POC_SUIGame */ = {
			isa = PBXNativeTarget;
			buildConfigurationList = D6C23B3729D1BCA400EEB16D /* Build configuration list for PBXNativeTarget "POC_SUIGame" */;
			buildPhases = (
				D6C23B0F29D1BCA200EEB16D /* Sources */,
				D6C23B1029D1BCA200EEB16D /* Frameworks */,
				D6C23B1129D1BCA200EEB16D /* Resources */,
			);
			buildRules = (
			);
			dependencies = (
			);
			name = POC_SUIGame;
			productName = POC_SUIGame;
			productReference = D6C23B1329D1BCA200EEB16D /* POC_SUIGame.app */;
			productType = "com.apple.product-type.application";
		};
		D6C23B2229D1BCA400EEB16D /* POC_SUIGameTests */ = {
			isa = PBXNativeTarget;
			buildConfigurationList = D6C23B3A29D1BCA400EEB16D /* Build configuration list for PBXNativeTarget "POC_SUIGameTests" */;
			buildPhases = (
				D6C23B1F29D1BCA400EEB16D /* Sources */,
				D6C23B2029D1BCA400EEB16D /* Frameworks */,
				D6C23B2129D1BCA400EEB16D /* Resources */,
			);
			buildRules = (
			);
			dependencies = (
				D6C23B2529D1BCA400EEB16D /* PBXTargetDependency */,
			);
			name = POC_SUIGameTests;
			productName = POC_SUIGameTests;
			productReference = D6C23B2329D1BCA400EEB16D /* POC_SUIGameTests.xctest */;
			productType = "com.apple.product-type.bundle.unit-test";
		};
		D6C23B2C29D1BCA400EEB16D /* POC_SUIGameUITests */ = {
			isa = PBXNativeTarget;
			buildConfigurationList = D6C23B3D29D1BCA400EEB16D /* Build configuration list for PBXNativeTarget "POC_SUIGameUITests" */;
			buildPhases = (
				D6C23B2929D1BCA400EEB16D /* Sources */,
				D6C23B2A29D1BCA400EEB16D /* Frameworks */,
				D6C23B2B29D1BCA400EEB16D /* Resources */,
			);
			buildRules = (
			);
			dependencies = (
				D6C23B2F29D1BCA400EEB16D /* PBXTargetDependency */,
			);
			name = POC_SUIGameUITests;
			productName = POC_SUIGameUITests;
			productReference = D6C23B2D29D1BCA400EEB16D /* POC_SUIGameUITests.xctest */;
			productType = "com.apple.product-type.bundle.ui-testing";
		};
/* End PBXNativeTarget section */

/* Begin PBXProject section */
		D6C23B0B29D1BCA200EEB16D /* Project object */ = {
			isa = PBXProject;
			attributes = {
				BuildIndependentTargetsInParallel = 1;
				LastSwiftUpdateCheck = 1420;
				LastUpgradeCheck = 1420;
				TargetAttributes = {
					D6C23B1229D1BCA200EEB16D = {
						CreatedOnToolsVersion = 14.2;
					};
					D6C23B2229D1BCA400EEB16D = {
						CreatedOnToolsVersion = 14.2;
						TestTargetID = D6C23B1229D1BCA200EEB16D;
					};
					D6C23B2C29D1BCA400EEB16D = {
						CreatedOnToolsVersion = 14.2;
						TestTargetID = D6C23B1229D1BCA200EEB16D;
					};
				};
			};
			buildConfigurationList = D6C23B0E29D1BCA200EEB16D /* Build configuration list for PBXProject "POC_SUIGame" */;
			compatibilityVersion = "Xcode 14.0";
			developmentRegion = en;
			hasScannedForEncodings = 0;
			knownRegions = (
				en,
				Base,
			);
			mainGroup = D6C23B0A29D1BCA200EEB16D;
			productRefGroup = D6C23B1429D1BCA200EEB16D /* Products */;
			projectDirPath = "";
			projectRoot = "";
			targets = (
				D6C23B1229D1BCA200EEB16D /* POC_SUIGame */,
				D6C23B2229D1BCA400EEB16D /* POC_SUIGameTests */,
				D6C23B2C29D1BCA400EEB16D /* POC_SUIGameUITests */,
			);
		};
/* End PBXProject section */

/* Begin PBXResourcesBuildPhase section */
		D6C23B1129D1BCA200EEB16D /* Resources */ = {
			isa = PBXResourcesBuildPhase;
			buildActionMask = 2147483647;
			files = (
				D6C23B1E29D1BCA400EEB16D /* Preview Assets.xcassets in Resources */,
				D6C23B1B29D1BCA400EEB16D /* Assets.xcassets in Resources */,
			);
			runOnlyForDeploymentPostprocessing = 0;
		};
		D6C23B2129D1BCA400EEB16D /* Resources */ = {
			isa = PBXResourcesBuildPhase;
			buildActionMask = 2147483647;
			files = (
			);
			runOnlyForDeploymentPostprocessing = 0;
		};
		D6C23B2B29D1BCA400EEB16D /* Resources */ = {
			isa = PBXResourcesBuildPhase;
			buildActionMask = 2147483647;
			files = (
			);
			runOnlyForDeploymentPostprocessing = 0;
		};
/* End PBXResourcesBuildPhase section */

/* Begin PBXSourcesBuildPhase section */
		D6C23B0F29D1BCA200EEB16D /* Sources */ = {
			isa = PBXSourcesBuildPhase;
			buildActionMask = 2147483647;
			files = (
				D6C23B1929D1BCA200EEB16D /* ContentView.swift in Sources */,
				D6C23B1729D1BCA200EEB16D /* POC_SUIGameApp.swift in Sources */,
			);
			runOnlyForDeploymentPostprocessing = 0;
		};
		D6C23B1F29D1BCA400EEB16D /* Sources */ = {
			isa = PBXSourcesBuildPhase;
			buildActionMask = 2147483647;
			files = (
				D6C23B2829D1BCA400EEB16D /* POC_SUIGameTests.swift in Sources */,
			);
			runOnlyForDeploymentPostprocessing = 0;
		};
		D6C23B2929D1BCA400EEB16D /* Sources */ = {
			isa = PBXSourcesBuildPhase;
			buildActionMask = 2147483647;
			files = (
				D6C23B3229D1BCA400EEB16D /* POC_SUIGameUITests.swift in Sources */,
				D6C23B3429D1BCA400EEB16D /* POC_SUIGameUITestsLaunchTests.swift in Sources */,
			);
			runOnlyForDeploymentPostprocessing = 0;
		};
/* End PBXSourcesBuildPhase section */

/* Begin PBXTargetDependency section */
		D6C23B2529D1BCA400EEB16D /* PBXTargetDependency */ = {
			isa = PBXTargetDependency;
			target = D6C23B1229D1BCA200EEB16D /* POC_SUIGame */;
			targetProxy = D6C23B2429D1BCA400EEB16D /* PBXContainerItemProxy */;
		};
		D6C23B2F29D1BCA400EEB16D /* PBXTargetDependency */ = {
			isa = PBXTargetDependency;
			target = D6C23B1229D1BCA200EEB16D /* POC_SUIGame */;
			targetProxy = D6C23B2E29D1BCA400EEB16D /* PBXContainerItemProxy */;
		};
/* End PBXTargetDependency section */

/* Begin XCBuildConfiguration section */
		D6C23B3529D1BCA400EEB16D /* Debug */ = {
			isa = XCBuildConfiguration;
			buildSettings = {
				ALWAYS_SEARCH_USER_PATHS = NO;
				CLANG_ANALYZER_NONNULL = YES;
				CLANG_ANALYZER_NUMBER_OBJECT_CONVERSION = YES_AGGRESSIVE;
				CLANG_CXX_LANGUAGE_STANDARD = "gnu++20";
				CLANG_ENABLE_MODULES = YES;
				CLANG_ENABLE_OBJC_ARC = YES;
				CLANG_ENABLE_OBJC_WEAK = YES;
				CLANG_WARN_BLOCK_CAPTURE_AUTORELEASING = YES;
				CLANG_WARN_BOOL_CONVERSION = YES;
				CLANG_WARN_COMMA = YES;
				CLANG_WARN_CONSTANT_CONVERSION = YES;
				CLANG_WARN_DEPRECATED_OBJC_IMPLEMENTATIONS = YES;
				CLANG_WARN_DIRECT_OBJC_ISA_USAGE = YES_ERROR;
				CLANG_WARN_DOCUMENTATION_COMMENTS = YES;
				CLANG_WARN_EMPTY_BODY = YES;
				CLANG_WARN_ENUM_CONVERSION = YES;
				CLANG_WARN_INFINITE_RECURSION = YES;
				CLANG_WARN_INT_CONVERSION = YES;
				CLANG_WARN_NON_LITERAL_NULL_CONVERSION = YES;
				CLANG_WARN_OBJC_IMPLICIT_RETAIN_SELF = YES;
				CLANG_WARN_OBJC_LITERAL_CONVERSION = YES;
				CLANG_WARN_OBJC_ROOT_CLASS = YES_ERROR;
				CLANG_WARN_QUOTED_INCLUDE_IN_FRAMEWORK_HEADER = YES;
				CLANG_WARN_RANGE_LOOP_ANALYSIS = YES;
				CLANG_WARN_STRICT_PROTOTYPES = YES;
				CLANG_WARN_SUSPICIOUS_MOVE = YES;
				CLANG_WARN_UNGUARDED_AVAILABILITY = YES_AGGRESSIVE;
				CLANG_WARN_UNREACHABLE_CODE = YES;
				CLANG_WARN__DUPLICATE_METHOD_MATCH = YES;
				COPY_PHASE_STRIP = NO;
				DEBUG_INFORMATION_FORMAT = dwarf;
				ENABLE_STRICT_OBJC_MSGSEND = YES;
				ENABLE_TESTABILITY = YES;
				GCC_C_LANGUAGE_STANDARD = gnu11;
				GCC_DYNAMIC_NO_PIC = NO;
				GCC_NO_COMMON_BLOCKS = YES;
				GCC_OPTIMIZATION_LEVEL = 0;
				GCC_PREPROCESSOR_DEFINITIONS = (
					"DEBUG=1",
					"$(inherited)",
				);
				GCC_WARN_64_TO_32_BIT_CONVERSION = YES;
				GCC_WARN_ABOUT_RETURN_TYPE = YES_ERROR;
				GCC_WARN_UNDECLARED_SELECTOR = YES;
				GCC_WARN_UNINITIALIZED_AUTOS = YES_AGGRESSIVE;
				GCC_WARN_UNUSED_FUNCTION = YES;
				GCC_WARN_UNUSED_VARIABLE = YES;
				IPHONEOS_DEPLOYMENT_TARGET = 16.2;
				MTL_ENABLE_DEBUG_INFO = INCLUDE_SOURCE;
				MTL_FAST_MATH = YES;
				ONLY_ACTIVE_ARCH = YES;
				SDKROOT = iphoneos;
				SWIFT_ACTIVE_COMPILATION_CONDITIONS = DEBUG;
				SWIFT_OPTIMIZATION_LEVEL = "-Onone";
			};
			name = Debug;
		};
		D6C23B3629D1BCA400EEB16D /* Release */ = {
			isa = XCBuildConfiguration;
			buildSettings = {
				ALWAYS_SEARCH_USER_PATHS = NO;
				CLANG_ANALYZER_NONNULL = YES;
				CLANG_ANALYZER_NUMBER_OBJECT_CONVERSION = YES_AGGRESSIVE;
				CLANG_CXX_LANGUAGE_STANDARD = "gnu++20";
				CLANG_ENABLE_MODULES = YES;
				CLANG_ENABLE_OBJC_ARC = YES;
				CLANG_ENABLE_OBJC_WEAK = YES;
				CLANG_WARN_BLOCK_CAPTURE_AUTORELEASING = YES;
				CLANG_WARN_BOOL_CONVERSION = YES;
				CLANG_WARN_COMMA = YES;
				CLANG_WARN_CONSTANT_CONVERSION = YES;
				CLANG_WARN_DEPRECATED_OBJC_IMPLEMENTATIONS = YES;
				CLANG_WARN_DIRECT_OBJC_ISA_USAGE = YES_ERROR;
				CLANG_WARN_DOCUMENTATION_COMMENTS = YES;
				CLANG_WARN_EMPTY_BODY = YES;
				CLANG_WARN_ENUM_CONVERSION = YES;
				CLANG_WARN_INFINITE_RECURSION = YES;
				CLANG_WARN_INT_CONVERSION = YES;
				CLANG_WARN_NON_LITERAL_NULL_CONVERSION = YES;
				CLANG_WARN_OBJC_IMPLICIT_RETAIN_SELF = YES;
				CLANG_WARN_OBJC_LITERAL_CONVERSION = YES;
				CLANG_WARN_OBJC_ROOT_CLASS = YES_ERROR;
				CLANG_WARN_QUOTED_INCLUDE_IN_FRAMEWORK_HEADER = YES;
				CLANG_WARN_RANGE_LOOP_ANALYSIS = YES;
				CLANG_WARN_STRICT_PROTOTYPES = YES;
				CLANG_WARN_SUSPICIOUS_MOVE = YES;
				CLANG_WARN_UNGUARDED_AVAILABILITY = YES_AGGRESSIVE;
				CLANG_WARN_UNREACHABLE_CODE = YES;
				CLANG_WARN__DUPLICATE_METHOD_MATCH = YES;
				COPY_PHASE_STRIP = NO;
				DEBUG_INFORMATION_FORMAT = "dwarf-with-dsym";
				ENABLE_NS_ASSERTIONS = NO;
				ENABLE_STRICT_OBJC_MSGSEND = YES;
				GCC_C_LANGUAGE_STANDARD = gnu11;
				GCC_NO_COMMON_BLOCKS = YES;
				GCC_WARN_64_TO_32_BIT_CONVERSION = YES;
				GCC_WARN_ABOUT_RETURN_TYPE = YES_ERROR;
				GCC_WARN_UNDECLARED_SELECTOR = YES;
				GCC_WARN_UNINITIALIZED_AUTOS = YES_AGGRESSIVE;
				GCC_WARN_UNUSED_FUNCTION = YES;
				GCC_WARN_UNUSED_VARIABLE = YES;
				IPHONEOS_DEPLOYMENT_TARGET = 16.2;
				MTL_ENABLE_DEBUG_INFO = NO;
				MTL_FAST_MATH = YES;
				SDKROOT = iphoneos;
				SWIFT_COMPILATION_MODE = wholemodule;
				SWIFT_OPTIMIZATION_LEVEL = "-O";
				VALIDATE_PRODUCT = YES;
			};
			name = Release;
		};
		D6C23B3829D1BCA400EEB16D /* Debug */ = {
			isa = XCBuildConfiguration;
			buildSettings = {
				ASSETCATALOG_COMPILER_APPICON_NAME = AppIcon;
				ASSETCATALOG_COMPILER_GLOBAL_ACCENT_COLOR_NAME = AccentColor;
				CODE_SIGN_STYLE = Automatic;
				CURRENT_PROJECT_VERSION = 1;
				DEVELOPMENT_ASSET_PATHS = "\"POC_SUIGame/Preview Content\"";
				DEVELOPMENT_TEAM = MCC2B4P5MZ;
				ENABLE_PREVIEWS = YES;
				GENERATE_INFOPLIST_FILE = YES;
				INFOPLIST_KEY_UIApplicationSceneManifest_Generation = YES;
				INFOPLIST_KEY_UIApplicationSupportsIndirectInputEvents = YES;
				INFOPLIST_KEY_UILaunchScreen_Generation = YES;
				INFOPLIST_KEY_UISupportedInterfaceOrientations_iPad = "UIInterfaceOrientationPortrait UIInterfaceOrientationPortraitUpsideDown UIInterfaceOrientationLandscapeLeft UIInterfaceOrientationLandscapeRight";
				INFOPLIST_KEY_UISupportedInterfaceOrientations_iPhone = "UIInterfaceOrientationPortrait UIInterfaceOrientationLandscapeLeft UIInterfaceOrientationLandscapeRight";
				LD_RUNPATH_SEARCH_PATHS = (
					"$(inherited)",
					"@executable_path/Frameworks",
				);
				MARKETING_VERSION = 1.0;
				PRODUCT_BUNDLE_IDENTIFIER = "Copland.POC-SUIGame";
				PRODUCT_NAME = "$(TARGET_NAME)";
				SWIFT_EMIT_LOC_STRINGS = YES;
				SWIFT_VERSION = 5.0;
				TARGETED_DEVICE_FAMILY = "1,2";
			};
			name = Debug;
		};
		D6C23B3929D1BCA400EEB16D /* Release */ = {
			isa = XCBuildConfiguration;
			buildSettings = {
				ASSETCATALOG_COMPILER_APPICON_NAME = AppIcon;
				ASSETCATALOG_COMPILER_GLOBAL_ACCENT_COLOR_NAME = AccentColor;
				CODE_SIGN_STYLE = Automatic;
				CURRENT_PROJECT_VERSION = 1;
				DEVELOPMENT_ASSET_PATHS = "\"POC_SUIGame/Preview Content\"";
				DEVELOPMENT_TEAM = MCC2B4P5MZ;
				ENABLE_PREVIEWS = YES;
				GENERATE_INFOPLIST_FILE = YES;
				INFOPLIST_KEY_UIApplicationSceneManifest_Generation = YES;
				INFOPLIST_KEY_UIApplicationSupportsIndirectInputEvents = YES;
				INFOPLIST_KEY_UILaunchScreen_Generation = YES;
				INFOPLIST_KEY_UISupportedInterfaceOrientations_iPad = "UIInterfaceOrientationPortrait UIInterfaceOrientationPortraitUpsideDown UIInterfaceOrientationLandscapeLeft UIInterfaceOrientationLandscapeRight";
				INFOPLIST_KEY_UISupportedInterfaceOrientations_iPhone = "UIInterfaceOrientationPortrait UIInterfaceOrientationLandscapeLeft UIInterfaceOrientationLandscapeRight";
				LD_RUNPATH_SEARCH_PATHS = (
					"$(inherited)",
					"@executable_path/Frameworks",
				);
				MARKETING_VERSION = 1.0;
				PRODUCT_BUNDLE_IDENTIFIER = "Copland.POC-SUIGame";
				PRODUCT_NAME = "$(TARGET_NAME)";
				SWIFT_EMIT_LOC_STRINGS = YES;
				SWIFT_VERSION = 5.0;
				TARGETED_DEVICE_FAMILY = "1,2";
			};
			name = Release;
		};
		D6C23B3B29D1BCA400EEB16D /* Debug */ = {
			isa = XCBuildConfiguration;
			buildSettings = {
				ALWAYS_EMBED_SWIFT_STANDARD_LIBRARIES = YES;
				BUNDLE_LOADER = "$(TEST_HOST)";
				CODE_SIGN_STYLE = Automatic;
				CURRENT_PROJECT_VERSION = 1;
				DEVELOPMENT_TEAM = MCC2B4P5MZ;
				GENERATE_INFOPLIST_FILE = YES;
				IPHONEOS_DEPLOYMENT_TARGET = 16.2;
				MARKETING_VERSION = 1.0;
				PRODUCT_BUNDLE_IDENTIFIER = "Copland.POC-SUIGameTests";
				PRODUCT_NAME = "$(TARGET_NAME)";
				SWIFT_EMIT_LOC_STRINGS = NO;
				SWIFT_VERSION = 5.0;
				TARGETED_DEVICE_FAMILY = "1,2";
				TEST_HOST = "$(BUILT_PRODUCTS_DIR)/POC_SUIGame.app/$(BUNDLE_EXECUTABLE_FOLDER_PATH)/POC_SUIGame";
			};
			name = Debug;
		};
		D6C23B3C29D1BCA400EEB16D /* Release */ = {
			isa = XCBuildConfiguration;
			buildSettings = {
				ALWAYS_EMBED_SWIFT_STANDARD_LIBRARIES = YES;
				BUNDLE_LOADER = "$(TEST_HOST)";
				CODE_SIGN_STYLE = Automatic;
				CURRENT_PROJECT_VERSION = 1;
				DEVELOPMENT_TEAM = MCC2B4P5MZ;
				GENERATE_INFOPLIST_FILE = YES;
				IPHONEOS_DEPLOYMENT_TARGET = 16.2;
				MARKETING_VERSION = 1.0;
				PRODUCT_BUNDLE_IDENTIFIER = "Copland.POC-SUIGameTests";
				PRODUCT_NAME = "$(TARGET_NAME)";
				SWIFT_EMIT_LOC_STRINGS = NO;
				SWIFT_VERSION = 5.0;
				TARGETED_DEVICE_FAMILY = "1,2";
				TEST_HOST = "$(BUILT_PRODUCTS_DIR)/POC_SUIGame.app/$(BUNDLE_EXECUTABLE_FOLDER_PATH)/POC_SUIGame";
			};
			name = Release;
		};
		D6C23B3E29D1BCA400EEB16D /* Debug */ = {
			isa = XCBuildConfiguration;
			buildSettings = {
				ALWAYS_EMBED_SWIFT_STANDARD_LIBRARIES = YES;
				CODE_SIGN_STYLE = Automatic;
				CURRENT_PROJECT_VERSION = 1;
				DEVELOPMENT_TEAM = MCC2B4P5MZ;
				GENERATE_INFOPLIST_FILE = YES;
				MARKETING_VERSION = 1.0;
				PRODUCT_BUNDLE_IDENTIFIER = "Copland.POC-SUIGameUITests";
				PRODUCT_NAME = "$(TARGET_NAME)";
				SWIFT_EMIT_LOC_STRINGS = NO;
				SWIFT_VERSION = 5.0;
				TARGETED_DEVICE_FAMILY = "1,2";
				TEST_TARGET_NAME = POC_SUIGame;
			};
			name = Debug;
		};
		D6C23B3F29D1BCA400EEB16D /* Release */ = {
			isa = XCBuildConfiguration;
			buildSettings = {
				ALWAYS_EMBED_SWIFT_STANDARD_LIBRARIES = YES;
				CODE_SIGN_STYLE = Automatic;
				CURRENT_PROJECT_VERSION = 1;
				DEVELOPMENT_TEAM = MCC2B4P5MZ;
				GENERATE_INFOPLIST_FILE = YES;
				MARKETING_VERSION = 1.0;
				PRODUCT_BUNDLE_IDENTIFIER = "Copland.POC-SUIGameUITests";
				PRODUCT_NAME = "$(TARGET_NAME)";
				SWIFT_EMIT_LOC_STRINGS = NO;
				SWIFT_VERSION = 5.0;
				TARGETED_DEVICE_FAMILY = "1,2";
				TEST_TARGET_NAME = POC_SUIGame;
			};
			name = Release;
		};
/* End XCBuildConfiguration section */

/* Begin XCConfigurationList section */
		D6C23B0E29D1BCA200EEB16D /* Build configuration list for PBXProject "POC_SUIGame" */ = {
			isa = XCConfigurationList;
			buildConfigurations = (
				D6C23B3529D1BCA400EEB16D /* Debug */,
				D6C23B3629D1BCA400EEB16D /* Release */,
			);
			defaultConfigurationIsVisible = 0;
			defaultConfigurationName = Release;
		};
		D6C23B3729D1BCA400EEB16D /* Build configuration list for PBXNativeTarget "POC_SUIGame" */ = {
			isa = XCConfigurationList;
			buildConfigurations = (
				D6C23B3829D1BCA400EEB16D /* Debug */,
				D6C23B3929D1BCA400EEB16D /* Release */,
			);
			defaultConfigurationIsVisible = 0;
			defaultConfigurationName = Release;
		};
		D6C23B3A29D1BCA400EEB16D /* Build configuration list for PBXNativeTarget "POC_SUIGameTests" */ = {
			isa = XCConfigurationList;
			buildConfigurations = (
				D6C23B3B29D1BCA400EEB16D /* Debug */,
				D6C23B3C29D1BCA400EEB16D /* Release */,
			);
			defaultConfigurationIsVisible = 0;
			defaultConfigurationName = Release;
		};
		D6C23B3D29D1BCA400EEB16D /* Build configuration list for PBXNativeTarget "POC_SUIGameUITests" */ = {
			isa = XCConfigurationList;
			buildConfigurations = (
				D6C23B3E29D1BCA400EEB16D /* Debug */,
				D6C23B3F29D1BCA400EEB16D /* Release */,
			);
			defaultConfigurationIsVisible = 0;
			defaultConfigurationName = Release;
		};
/* End XCConfigurationList section */
	};
	rootObject = D6C23B0B29D1BCA200EEB16D /* Project object */;
}
